{
  "pins" : [
    {
      "identity" : "lnpopupcontroller",
      "kind" : "remoteSourceControl",
      "location" : "https://github.com/LeoNatan/LNPopupController.git",
      "state" : {
        "revision" : "be669a1bff4cb88655b3827226a1b4d14e2e5508",
        "version" : "2.14.8"
      }
    },
    {
      "identity" : "lnpopupui",
      "kind" : "remoteSourceControl",
      "location" : "https://github.com/LeoNatan/LNPopupUI",
      "state" : {
        "branch" : "master",
        "revision" : "36dae8ed8bf207c0579edf4d96919bd59876ea7c"
      }
    }
  ],
  "version" : 2
}
