// !$*UTF8*$!
{
	archiveVersion = 1;
	classes = {
	};
	objectVersion = 55;
	objects = {

/* Begin PBXBuildFile section */
		AA2B537329AEE04E00B68994 /* MarqueeText in Frameworks */ = {isa = PBXBuildFile; productRef = AA2B537229AEE04E00B68994 /* MarqueeText */; };
		AA2B538E29B0A60600B68994 /* MediaPlayer+Utils.swift in Sources */ = {isa = PBXBuildFile; fileRef = AA2B538D29B0A60600B68994 /* MediaPlayer+Utils.swift */; };
		AA2B539129B0A7F800B68994 /* SettingsStorageManager.swift in Sources */ = {isa = PBXBuildFile; fileRef = AA2B539029B0A7F800B68994 /* SettingsStorageManager.swift */; };
		AA33306429940602009F594F /* PlayerPopover.swift in Sources */ = {isa = PBXBuildFile; fileRef = AA33306329940602009F594F /* PlayerPopover.swift */; };
		AA33651429848C2100420C53 /* SettingsTabView.swift in Sources */ = {isa = PBXBuildFile; fileRef = AA33651329848C2100420C53 /* SettingsTabView.swift */; };
		AA3365162984B13B00420C53 /* AlbumView.swift in Sources */ = {isa = PBXBuildFile; fileRef = AA3365152984B13B00420C53 /* AlbumView.swift */; };
		AA3365182984B18000420C53 /* ContentView.swift in Sources */ = {isa = PBXBuildFile; fileRef = AA3365172984B18000420C53 /* ContentView.swift */; };
		AA33651A2984B20600420C53 /* Coverflow.swift in Sources */ = {isa = PBXBuildFile; fileRef = AA3365192984B20600420C53 /* Coverflow.swift */; };
		AA9417BB29AA7570007D3704 /* Introspect in Frameworks */ = {isa = PBXBuildFile; productRef = AA9417BA29AA7570007D3704 /* Introspect */; };
		AA9417D729AABAEE007D3704 /* Builder.swift in Sources */ = {isa = PBXBuildFile; fileRef = AA9417CB29AABAED007D3704 /* Builder.swift */; };
		AA9417D829AABAEE007D3704 /* Generator.swift in Sources */ = {isa = PBXBuildFile; fileRef = AA9417CC29AABAED007D3704 /* Generator.swift */; };
		AA9417D929AABAEE007D3704 /* ColorConverters.swift in Sources */ = {isa = PBXBuildFile; fileRef = AA9417CD29AABAED007D3704 /* ColorConverters.swift */; };
		AA9417DA29AABAEE007D3704 /* MMCQ.swift in Sources */ = {isa = PBXBuildFile; fileRef = AA9417CE29AABAED007D3704 /* MMCQ.swift */; };
		AA9417DB29AABAEE007D3704 /* Vibrant.swift in Sources */ = {isa = PBXBuildFile; fileRef = AA9417CF29AABAED007D3704 /* Vibrant.swift */; };
		AA9417DC29AABAEE007D3704 /* VibrantColors.swift in Sources */ = {isa = PBXBuildFile; fileRef = AA9417D029AABAEE007D3704 /* VibrantColors.swift */; };
		AA9417DD29AABAEE007D3704 /* SVImage.swift in Sources */ = {isa = PBXBuildFile; fileRef = AA9417D129AABAEE007D3704 /* SVImage.swift */; };
		AA9417DE29AABAEE007D3704 /* Util.swift in Sources */ = {isa = PBXBuildFile; fileRef = AA9417D229AABAEE007D3704 /* Util.swift */; };
		AA9417DF29AABAEE007D3704 /* Quantizer.swift in Sources */ = {isa = PBXBuildFile; fileRef = AA9417D329AABAEE007D3704 /* Quantizer.swift */; };
		AA9417E029AABAEE007D3704 /* Filter.swift in Sources */ = {isa = PBXBuildFile; fileRef = AA9417D429AABAEE007D3704 /* Filter.swift */; };
		AA9417E129AABAEE007D3704 /* Constants.swift in Sources */ = {isa = PBXBuildFile; fileRef = AA9417D529AABAEE007D3704 /* Constants.swift */; };
		AA9417E229AABAEE007D3704 /* Vbox.swift in Sources */ = {isa = PBXBuildFile; fileRef = AA9417D629AABAEE007D3704 /* Vbox.swift */; };
		AA9417E529AAD1A8007D3704 /* ViewExtractor in Frameworks */ = {isa = PBXBuildFile; productRef = AA9417E429AAD1A8007D3704 /* ViewExtractor */; };
		AAAC154729ABD69700A62C85 /* LibraryTabView.swift in Sources */ = {isa = PBXBuildFile; fileRef = AAAC154629ABD69700A62C85 /* LibraryTabView.swift */; };
		AAB4AF672998FEB60073B2A1 /* AVAudioPlayerNode++.swift in Sources */ = {isa = PBXBuildFile; fileRef = AAB4AF662998FEB60073B2A1 /* AVAudioPlayerNode++.swift */; };
		AAB52BF229B14BBE001EDDD0 /* CarouselView.swift in Sources */ = {isa = PBXBuildFile; fileRef = AAB52BF129B14BBE001EDDD0 /* CarouselView.swift */; };
		AABA01EF2991AFAD0088591A /* EQStorageManager.swift in Sources */ = {isa = PBXBuildFile; fileRef = AABA01EE2991AFAD0088591A /* EQStorageManager.swift */; };
		AABD2AAD29AD066A00A65445 /* RecentlyAddedSubView.swift in Sources */ = {isa = PBXBuildFile; fileRef = AABD2AAC29AD066A00A65445 /* RecentlyAddedSubView.swift */; };
		AABD2AB329AD8ABA00A65445 /* WelcomeSheet in Frameworks */ = {isa = PBXBuildFile; productRef = AABD2AB229AD8ABA00A65445 /* WelcomeSheet */; };
		AAE74C5B2984293A00E03B2D /* iPodApp.swift in Sources */ = {isa = PBXBuildFile; fileRef = AAE74C5A2984293A00E03B2D /* iPodApp.swift */; };
		AAE74C5F2984293C00E03B2D /* Assets.xcassets in Resources */ = {isa = PBXBuildFile; fileRef = AAE74C5E2984293C00E03B2D /* Assets.xcassets */; };
		AAE74C6A298429FB00E03B2D /* MusicLibrary.swift in Sources */ = {isa = PBXBuildFile; fileRef = AAE74C69298429FB00E03B2D /* MusicLibrary.swift */; };
		AAEEEE8829B0CA7900BF6F2B /* LNPopupUI in Frameworks */ = {isa = PBXBuildFile; productRef = AAEEEE8729B0CA7900BF6F2B /* LNPopupUI */; };
		AAEEEE8929B0CA7900BF6F2B /* LNPopupUI in Embed Frameworks */ = {isa = PBXBuildFile; productRef = AAEEEE8729B0CA7900BF6F2B /* LNPopupUI */; settings = {ATTRIBUTES = (CodeSignOnCopy, ); }; };
		AAEEEEA929B0FE7900BF6F2B /* AlbumCoverFlowBG.swift in Sources */ = {isa = PBXBuildFile; fileRef = AAEEEEA829B0FE7900BF6F2B /* AlbumCoverFlowBG.swift */; };
		AAF7C66C2986BA3200E1FA65 /* PlayerClass.swift in Sources */ = {isa = PBXBuildFile; fileRef = AAF7C66B2986BA3200E1FA65 /* PlayerClass.swift */; };
		AAFCDA88298456E2003609B2 /* AlbumsTabView.swift in Sources */ = {isa = PBXBuildFile; fileRef = AAFCDA87298456E2003609B2 /* AlbumsTabView.swift */; };
		AAFCDA8D29845726003609B2 /* SongsTabView.swift in Sources */ = {isa = PBXBuildFile; fileRef = AAFCDA8C29845726003609B2 /* SongsTabView.swift */; };
		AAFCDA90298457EA003609B2 /* PlaylistsTabView.swift in Sources */ = {isa = PBXBuildFile; fileRef = AAFCDA8F298457EA003609B2 /* PlaylistsTabView.swift */; };
		AAFCDA9229848023003609B2 /* Utilities.swift in Sources */ = {isa = PBXBuildFile; fileRef = AAFCDA9129848023003609B2 /* Utilities.swift */; };
/* End PBXBuildFile section */

/* Begin PBXCopyFilesBuildPhase section */
		AA2B538629B0208200B68994 /* Embed Watch Content */ = {
			isa = PBXCopyFilesBuildPhase;
			buildActionMask = 2147483647;
			dstPath = "$(CONTENTS_FOLDER_PATH)/Watch";
			dstSubfolderSpec = 16;
			files = (
			);
			name = "Embed Watch Content";
			runOnlyForDeploymentPostprocessing = 0;
		};
		AA3330622994002E009F594F /* Embed Frameworks */ = {
			isa = PBXCopyFilesBuildPhase;
			buildActionMask = 2147483647;
			dstPath = "";
			dstSubfolderSpec = 10;
			files = (
				AAEEEE8929B0CA7900BF6F2B /* LNPopupUI in Embed Frameworks */,
			);
			name = "Embed Frameworks";
			runOnlyForDeploymentPostprocessing = 0;
		};
/* End PBXCopyFilesBuildPhase section */

/* Begin PBXFileReference section */
		AA2B537A29B0207600B68994 /* iPod_RemoteApp.swift */ = {isa = PBXFileReference; lastKnownFileType = sourcecode.swift; path = iPod_RemoteApp.swift; sourceTree = "<group>"; };
		AA2B537C29B0207600B68994 /* ContentView.swift */ = {isa = PBXFileReference; lastKnownFileType = sourcecode.swift; path = ContentView.swift; sourceTree = "<group>"; };
		AA2B537E29B0208100B68994 /* Assets.xcassets */ = {isa = PBXFileReference; lastKnownFileType = folder.assetcatalog; path = Assets.xcassets; sourceTree = "<group>"; };
		AA2B538A29B020B600B68994 /* Communication.swift */ = {isa = PBXFileReference; lastKnownFileType = sourcecode.swift; path = Communication.swift; sourceTree = "<group>"; };
		AA2B538D29B0A60600B68994 /* MediaPlayer+Utils.swift */ = {isa = PBXFileReference; lastKnownFileType = sourcecode.swift; path = "MediaPlayer+Utils.swift"; sourceTree = "<group>"; };
		AA2B539029B0A7F800B68994 /* SettingsStorageManager.swift */ = {isa = PBXFileReference; fileEncoding = 4; lastKnownFileType = sourcecode.swift; path = SettingsStorageManager.swift; sourceTree = "<group>"; };
		AA33306329940602009F594F /* PlayerPopover.swift */ = {isa = PBXFileReference; lastKnownFileType = sourcecode.swift; path = PlayerPopover.swift; sourceTree = "<group>"; };
		AA33651329848C2100420C53 /* SettingsTabView.swift */ = {isa = PBXFileReference; lastKnownFileType = sourcecode.swift; path = SettingsTabView.swift; sourceTree = "<group>"; };
		AA3365152984B13B00420C53 /* AlbumView.swift */ = {isa = PBXFileReference; lastKnownFileType = sourcecode.swift; path = AlbumView.swift; sourceTree = "<group>"; };
		AA3365172984B18000420C53 /* ContentView.swift */ = {isa = PBXFileReference; lastKnownFileType = sourcecode.swift; path = ContentView.swift; sourceTree = "<group>"; };
		AA3365192984B20600420C53 /* Coverflow.swift */ = {isa = PBXFileReference; lastKnownFileType = sourcecode.swift; path = Coverflow.swift; sourceTree = "<group>"; };
		AA33651B2985558200420C53 /* Info.plist */ = {isa = PBXFileReference; lastKnownFileType = text.plist; path = Info.plist; sourceTree = "<group>"; };
		AA33651C2985559300420C53 /* iPod.entitlements */ = {isa = PBXFileReference; lastKnownFileType = text.plist.entitlements; path = iPod.entitlements; sourceTree = "<group>"; };
		AA9417CB29AABAED007D3704 /* Builder.swift */ = {isa = PBXFileReference; fileEncoding = 4; lastKnownFileType = sourcecode.swift; path = Builder.swift; sourceTree = "<group>"; };
		AA9417CC29AABAED007D3704 /* Generator.swift */ = {isa = PBXFileReference; fileEncoding = 4; lastKnownFileType = sourcecode.swift; path = Generator.swift; sourceTree = "<group>"; };
		AA9417CD29AABAED007D3704 /* ColorConverters.swift */ = {isa = PBXFileReference; fileEncoding = 4; lastKnownFileType = sourcecode.swift; path = ColorConverters.swift; sourceTree = "<group>"; };
		AA9417CE29AABAED007D3704 /* MMCQ.swift */ = {isa = PBXFileReference; fileEncoding = 4; lastKnownFileType = sourcecode.swift; path = MMCQ.swift; sourceTree = "<group>"; };
		AA9417CF29AABAED007D3704 /* Vibrant.swift */ = {isa = PBXFileReference; fileEncoding = 4; lastKnownFileType = sourcecode.swift; path = Vibrant.swift; sourceTree = "<group>"; };
		AA9417D029AABAEE007D3704 /* VibrantColors.swift */ = {isa = PBXFileReference; fileEncoding = 4; lastKnownFileType = sourcecode.swift; path = VibrantColors.swift; sourceTree = "<group>"; };
		AA9417D129AABAEE007D3704 /* SVImage.swift */ = {isa = PBXFileReference; fileEncoding = 4; lastKnownFileType = sourcecode.swift; path = SVImage.swift; sourceTree = "<group>"; };
		AA9417D229AABAEE007D3704 /* Util.swift */ = {isa = PBXFileReference; fileEncoding = 4; lastKnownFileType = sourcecode.swift; path = Util.swift; sourceTree = "<group>"; };
		AA9417D329AABAEE007D3704 /* Quantizer.swift */ = {isa = PBXFileReference; fileEncoding = 4; lastKnownFileType = sourcecode.swift; path = Quantizer.swift; sourceTree = "<group>"; };
		AA9417D429AABAEE007D3704 /* Filter.swift */ = {isa = PBXFileReference; fileEncoding = 4; lastKnownFileType = sourcecode.swift; path = Filter.swift; sourceTree = "<group>"; };
		AA9417D529AABAEE007D3704 /* Constants.swift */ = {isa = PBXFileReference; fileEncoding = 4; lastKnownFileType = sourcecode.swift; path = Constants.swift; sourceTree = "<group>"; };
		AA9417D629AABAEE007D3704 /* Vbox.swift */ = {isa = PBXFileReference; fileEncoding = 4; lastKnownFileType = sourcecode.swift; path = Vbox.swift; sourceTree = "<group>"; };
		AAAC154629ABD69700A62C85 /* LibraryTabView.swift */ = {isa = PBXFileReference; lastKnownFileType = sourcecode.swift; path = LibraryTabView.swift; sourceTree = "<group>"; };
		AAB4AF662998FEB60073B2A1 /* AVAudioPlayerNode++.swift */ = {isa = PBXFileReference; lastKnownFileType = sourcecode.swift; path = "AVAudioPlayerNode++.swift"; sourceTree = "<group>"; };
		AAB52BF129B14BBE001EDDD0 /* CarouselView.swift */ = {isa = PBXFileReference; lastKnownFileType = sourcecode.swift; path = CarouselView.swift; sourceTree = "<group>"; };
		AABA01EE2991AFAD0088591A /* EQStorageManager.swift */ = {isa = PBXFileReference; lastKnownFileType = sourcecode.swift; path = EQStorageManager.swift; sourceTree = "<group>"; };
		AABD2AAC29AD066A00A65445 /* RecentlyAddedSubView.swift */ = {isa = PBXFileReference; lastKnownFileType = sourcecode.swift; path = RecentlyAddedSubView.swift; sourceTree = "<group>"; };
		AAE74C572984293A00E03B2D /* iPod.app */ = {isa = PBXFileReference; explicitFileType = wrapper.application; includeInIndex = 0; path = iPod.app; sourceTree = BUILT_PRODUCTS_DIR; };
		AAE74C5A2984293A00E03B2D /* iPodApp.swift */ = {isa = PBXFileReference; lastKnownFileType = sourcecode.swift; path = iPodApp.swift; sourceTree = "<group>"; };
		AAE74C5E2984293C00E03B2D /* Assets.xcassets */ = {isa = PBXFileReference; lastKnownFileType = folder.assetcatalog; path = Assets.xcassets; sourceTree = "<group>"; };
		AAE74C69298429FB00E03B2D /* MusicLibrary.swift */ = {isa = PBXFileReference; lastKnownFileType = sourcecode.swift; path = MusicLibrary.swift; sourceTree = "<group>"; };
		AAEEEEA829B0FE7900BF6F2B /* AlbumCoverFlowBG.swift */ = {isa = PBXFileReference; lastKnownFileType = sourcecode.swift; path = AlbumCoverFlowBG.swift; sourceTree = "<group>"; };
		AAF7C66B2986BA3200E1FA65 /* PlayerClass.swift */ = {isa = PBXFileReference; lastKnownFileType = sourcecode.swift; path = PlayerClass.swift; sourceTree = "<group>"; };
		AAFCDA87298456E2003609B2 /* AlbumsTabView.swift */ = {isa = PBXFileReference; lastKnownFileType = sourcecode.swift; path = AlbumsTabView.swift; sourceTree = "<group>"; };
		AAFCDA8C29845726003609B2 /* SongsTabView.swift */ = {isa = PBXFileReference; lastKnownFileType = sourcecode.swift; path = SongsTabView.swift; sourceTree = "<group>"; };
		AAFCDA8F298457EA003609B2 /* PlaylistsTabView.swift */ = {isa = PBXFileReference; lastKnownFileType = sourcecode.swift; path = PlaylistsTabView.swift; sourceTree = "<group>"; };
		AAFCDA9129848023003609B2 /* Utilities.swift */ = {isa = PBXFileReference; lastKnownFileType = sourcecode.swift; path = Utilities.swift; sourceTree = "<group>"; };
/* End PBXFileReference section */

/* Begin PBXFrameworksBuildPhase section */
		AAE74C542984293A00E03B2D /* Frameworks */ = {
			isa = PBXFrameworksBuildPhase;
			buildActionMask = 2147483647;
			files = (
				AAEEEE8829B0CA7900BF6F2B /* LNPopupUI in Frameworks */,
				AABD2AB329AD8ABA00A65445 /* WelcomeSheet in Frameworks */,
				AA9417E529AAD1A8007D3704 /* ViewExtractor in Frameworks */,
				AA9417BB29AA7570007D3704 /* Introspect in Frameworks */,
				AA2B537329AEE04E00B68994 /* MarqueeText in Frameworks */,
			);
			runOnlyForDeploymentPostprocessing = 0;
		};
/* End PBXFrameworksBuildPhase section */

/* Begin PBXGroup section */
		AA2B537929B0207600B68994 /* iPod Remote Watch App */ = {
			isa = PBXGroup;
			children = (
				AA2B537A29B0207600B68994 /* iPod_RemoteApp.swift */,
				AA2B537C29B0207600B68994 /* ContentView.swift */,
				AA2B538C29B020BF00B68994 /* Utilities */,
				AA2B537E29B0208100B68994 /* Assets.xcassets */,
			);
			path = "iPod Remote Watch App";
			sourceTree = "<group>";
		};
		AA2B538C29B020BF00B68994 /* Utilities */ = {
			isa = PBXGroup;
			children = (
				AA2B538A29B020B600B68994 /* Communication.swift */,
			);
			path = Utilities;
			sourceTree = "<group>";
		};
		AA2B538F29B0A7B000B68994 /* Stores */ = {
			isa = PBXGroup;
			children = (
				AA2B539029B0A7F800B68994 /* SettingsStorageManager.swift */,
				AABA01EE2991AFAD0088591A /* EQStorageManager.swift */,
			);
			path = Stores;
			sourceTree = "<group>";
		};
		AA3330532992FDBB009F594F /* Utilities */ = {
			isa = PBXGroup;
			children = (
				AAEEEEA729B0FE4900BF6F2B /* Views */,
				AA2B538F29B0A7B000B68994 /* Stores */,
				AA9417CA29AABABC007D3704 /* Swift-Vibrant */,
				AAFCDA9129848023003609B2 /* Utilities.swift */,
				AA2B538D29B0A60600B68994 /* MediaPlayer+Utils.swift */,
			);
			path = Utilities;
			sourceTree = "<group>";
		};
		AA33651229848C0A00420C53 /* Settings */ = {
			isa = PBXGroup;
			children = (
				AA33651329848C2100420C53 /* SettingsTabView.swift */,
			);
			path = Settings;
			sourceTree = "<group>";
		};
		AA9417CA29AABABC007D3704 /* Swift-Vibrant */ = {
			isa = PBXGroup;
			children = (
				AA9417CB29AABAED007D3704 /* Builder.swift */,
				AA9417CD29AABAED007D3704 /* ColorConverters.swift */,
				AA9417D529AABAEE007D3704 /* Constants.swift */,
				AA9417D429AABAEE007D3704 /* Filter.swift */,
				AA9417CC29AABAED007D3704 /* Generator.swift */,
				AA9417D129AABAEE007D3704 /* SVImage.swift */,
				AA9417CE29AABAED007D3704 /* MMCQ.swift */,
				AA9417D329AABAEE007D3704 /* Quantizer.swift */,
				AA9417D229AABAEE007D3704 /* Util.swift */,
				AA9417D629AABAEE007D3704 /* Vbox.swift */,
				AA9417CF29AABAED007D3704 /* Vibrant.swift */,
				AA9417D029AABAEE007D3704 /* VibrantColors.swift */,
			);
			path = "Swift-Vibrant";
			sourceTree = "<group>";
		};
		AAAC154529ABD66700A62C85 /* Library */ = {
			isa = PBXGroup;
			children = (
				AAAC154629ABD69700A62C85 /* LibraryTabView.swift */,
				AABD2AAB29AD065700A65445 /* SectionSubViews */,
			);
			path = Library;
			sourceTree = "<group>";
		};
		AABD2AAB29AD065700A65445 /* SectionSubViews */ = {
			isa = PBXGroup;
			children = (
				AABD2AAC29AD066A00A65445 /* RecentlyAddedSubView.swift */,
			);
			path = SectionSubViews;
			sourceTree = "<group>";
		};
		AAE74C4E2984293A00E03B2D = {
			isa = PBXGroup;
			children = (
				AAE74C592984293A00E03B2D /* iPod */,
				AA2B537929B0207600B68994 /* iPod Remote Watch App */,
				AAE74C582984293A00E03B2D /* Products */,
				AAEEEE8629B0CA7900BF6F2B /* Frameworks */,
			);
			sourceTree = "<group>";
		};
		AAE74C582984293A00E03B2D /* Products */ = {
			isa = PBXGroup;
			children = (
				AAE74C572984293A00E03B2D /* iPod.app */,
			);
			name = Products;
			sourceTree = "<group>";
		};
		AAE74C592984293A00E03B2D /* iPod */ = {
			isa = PBXGroup;
			children = (
				AA33651C2985559300420C53 /* iPod.entitlements */,
				AA33651B2985558200420C53 /* Info.plist */,
				AAE74C5A2984293A00E03B2D /* iPodApp.swift */,
				AA3365172984B18000420C53 /* ContentView.swift */,
				AAF7C66A2986BA2800E1FA65 /* Player */,
				AA3365192984B20600420C53 /* Coverflow.swift */,
				AA3330532992FDBB009F594F /* Utilities */,
				AAFCDA86298456D4003609B2 /* Tabs */,
				AAF7C65629869B5300E1FA65 /* Assets */,
				AAE74C68298429E800E03B2D /* MusicLibraryTools */,
			);
			path = iPod;
			sourceTree = "<group>";
		};
		AAE74C68298429E800E03B2D /* MusicLibraryTools */ = {
			isa = PBXGroup;
			children = (
				AAE74C69298429FB00E03B2D /* MusicLibrary.swift */,
			);
			path = MusicLibraryTools;
			sourceTree = "<group>";
		};
		AAEEEE8629B0CA7900BF6F2B /* Frameworks */ = {
			isa = PBXGroup;
			children = (
			);
			name = Frameworks;
			sourceTree = "<group>";
		};
		AAEEEEA729B0FE4900BF6F2B /* Views */ = {
			isa = PBXGroup;
			children = (
				AAEEEEA829B0FE7900BF6F2B /* AlbumCoverFlowBG.swift */,
				AAB52BF129B14BBE001EDDD0 /* CarouselView.swift */,
			);
			path = Views;
			sourceTree = "<group>";
		};
		AAF7C65629869B5300E1FA65 /* Assets */ = {
			isa = PBXGroup;
			children = (
				AAE74C5E2984293C00E03B2D /* Assets.xcassets */,
			);
			path = Assets;
			sourceTree = "<group>";
		};
		AAF7C66A2986BA2800E1FA65 /* Player */ = {
			isa = PBXGroup;
			children = (
				AAB4AF662998FEB60073B2A1 /* AVAudioPlayerNode++.swift */,
				AAF7C66B2986BA3200E1FA65 /* PlayerClass.swift */,
				AA33306329940602009F594F /* PlayerPopover.swift */,
			);
			path = Player;
			sourceTree = "<group>";
		};
		AAFCDA86298456D4003609B2 /* Tabs */ = {
			isa = PBXGroup;
			children = (
				AAAC154529ABD66700A62C85 /* Library */,
				AAFCDA8A298456EB003609B2 /* Albums */,
				AAFCDA8B29845714003609B2 /* Songs */,
				AAFCDA8E298457DC003609B2 /* Playlists */,
				AA33651229848C0A00420C53 /* Settings */,
			);
			path = Tabs;
			sourceTree = "<group>";
		};
		AAFCDA8A298456EB003609B2 /* Albums */ = {
			isa = PBXGroup;
			children = (
				AAFCDA87298456E2003609B2 /* AlbumsTabView.swift */,
				AA3365152984B13B00420C53 /* AlbumView.swift */,
			);
			path = Albums;
			sourceTree = "<group>";
		};
		AAFCDA8B29845714003609B2 /* Songs */ = {
			isa = PBXGroup;
			children = (
				AAFCDA8C29845726003609B2 /* SongsTabView.swift */,
			);
			path = Songs;
			sourceTree = "<group>";
		};
		AAFCDA8E298457DC003609B2 /* Playlists */ = {
			isa = PBXGroup;
			children = (
				AAFCDA8F298457EA003609B2 /* PlaylistsTabView.swift */,
			);
			path = Playlists;
			sourceTree = "<group>";
		};
/* End PBXGroup section */

/* Begin PBXNativeTarget section */
		AAE74C562984293A00E03B2D /* iPod */ = {
			isa = PBXNativeTarget;
			buildConfigurationList = AAE74C652984293C00E03B2D /* Build configuration list for PBXNativeTarget "iPod" */;
			buildPhases = (
				AAE74C532984293A00E03B2D /* Sources */,
				AAE74C542984293A00E03B2D /* Frameworks */,
				AAE74C552984293A00E03B2D /* Resources */,
				AA3330622994002E009F594F /* Embed Frameworks */,
				AA2B538629B0208200B68994 /* Embed Watch Content */,
			);
			buildRules = (
			);
			dependencies = (
			);
			name = iPod;
			packageProductDependencies = (
				AA9417BA29AA7570007D3704 /* Introspect */,
				AA9417E429AAD1A8007D3704 /* ViewExtractor */,
				AABD2AB229AD8ABA00A65445 /* WelcomeSheet */,
				AA2B537229AEE04E00B68994 /* MarqueeText */,
				AAEEEE8729B0CA7900BF6F2B /* LNPopupUI */,
			);
			productName = Music;
			productReference = AAE74C572984293A00E03B2D /* iPod.app */;
			productType = "com.apple.product-type.application";
		};
/* End PBXNativeTarget section */

/* Begin PBXProject section */
		AAE74C4F2984293A00E03B2D /* Project object */ = {
			isa = PBXProject;
			attributes = {
				BuildIndependentTargetsInParallel = 1;
				LastSwiftUpdateCheck = 1430;
				LastUpgradeCheck = 1420;
				TargetAttributes = {
					AAE74C562984293A00E03B2D = {
						CreatedOnToolsVersion = 14.2;
					};
				};
			};
			buildConfigurationList = AAE74C522984293A00E03B2D /* Build configuration list for PBXProject "iPod" */;
			compatibilityVersion = "Xcode 13.0";
			developmentRegion = en;
			hasScannedForEncodings = 0;
			knownRegions = (
				en,
				Base,
			);
			mainGroup = AAE74C4E2984293A00E03B2D;
			packageReferences = (
				AA33305E2993FFD4009F594F /* XCRemoteSwiftPackageReference "LNPopupUI" */,
				AA9417B929AA7570007D3704 /* XCRemoteSwiftPackageReference "SwiftUI-Introspect" */,
				AA9417E329AAD1A8007D3704 /* XCRemoteSwiftPackageReference "ViewExtractor" */,
				AABD2AB129AD8ABA00A65445 /* XCRemoteSwiftPackageReference "Welcome-Sheet" */,
				AA2B537129AEE04E00B68994 /* XCRemoteSwiftPackageReference "MarqueeText" */,
			);
			productRefGroup = AAE74C582984293A00E03B2D /* Products */;
			projectDirPath = "";
			projectRoot = "";
			targets = (
				AAE74C562984293A00E03B2D /* iPod */,
			);
		};
/* End PBXProject section */

/* Begin PBXResourcesBuildPhase section */
		AAE74C552984293A00E03B2D /* Resources */ = {
			isa = PBXResourcesBuildPhase;
			buildActionMask = 2147483647;
			files = (
				AAE74C5F2984293C00E03B2D /* Assets.xcassets in Resources */,
			);
			runOnlyForDeploymentPostprocessing = 0;
		};
/* End PBXResourcesBuildPhase section */

/* Begin PBXSourcesBuildPhase section */
		AAE74C532984293A00E03B2D /* Sources */ = {
			isa = PBXSourcesBuildPhase;
			buildActionMask = 2147483647;
			files = (
				AA9417E229AABAEE007D3704 /* Vbox.swift in Sources */,
				AA9417E129AABAEE007D3704 /* Constants.swift in Sources */,
				AA33306429940602009F594F /* PlayerPopover.swift in Sources */,
				AA9417D829AABAEE007D3704 /* Generator.swift in Sources */,
				AAFCDA9229848023003609B2 /* Utilities.swift in Sources */,
				AA33651429848C2100420C53 /* SettingsTabView.swift in Sources */,
				AAB52BF229B14BBE001EDDD0 /* CarouselView.swift in Sources */,
				AAF7C66C2986BA3200E1FA65 /* PlayerClass.swift in Sources */,
				AABA01EF2991AFAD0088591A /* EQStorageManager.swift in Sources */,
				AA9417DC29AABAEE007D3704 /* VibrantColors.swift in Sources */,
				AA9417DD29AABAEE007D3704 /* SVImage.swift in Sources */,
				AABD2AAD29AD066A00A65445 /* RecentlyAddedSubView.swift in Sources */,
				AAB4AF672998FEB60073B2A1 /* AVAudioPlayerNode++.swift in Sources */,
				AA9417DF29AABAEE007D3704 /* Quantizer.swift in Sources */,
				AAFCDA90298457EA003609B2 /* PlaylistsTabView.swift in Sources */,
				AAE74C6A298429FB00E03B2D /* MusicLibrary.swift in Sources */,
				AAAC154729ABD69700A62C85 /* LibraryTabView.swift in Sources */,
				AA9417DE29AABAEE007D3704 /* Util.swift in Sources */,
				AA9417E029AABAEE007D3704 /* Filter.swift in Sources */,
				AAFCDA8D29845726003609B2 /* SongsTabView.swift in Sources */,
				AA33651A2984B20600420C53 /* Coverflow.swift in Sources */,
				AAEEEEA929B0FE7900BF6F2B /* AlbumCoverFlowBG.swift in Sources */,
				AA3365182984B18000420C53 /* ContentView.swift in Sources */,
				AAE74C5B2984293A00E03B2D /* iPodApp.swift in Sources */,
				AA9417D929AABAEE007D3704 /* ColorConverters.swift in Sources */,
				AA9417DB29AABAEE007D3704 /* Vibrant.swift in Sources */,
				AA2B539129B0A7F800B68994 /* SettingsStorageManager.swift in Sources */,
				AA2B538E29B0A60600B68994 /* MediaPlayer+Utils.swift in Sources */,
				AA3365162984B13B00420C53 /* AlbumView.swift in Sources */,
				AAFCDA88298456E2003609B2 /* AlbumsTabView.swift in Sources */,
				AA9417D729AABAEE007D3704 /* Builder.swift in Sources */,
				AA9417DA29AABAEE007D3704 /* MMCQ.swift in Sources */,
			);
			runOnlyForDeploymentPostprocessing = 0;
		};
/* End PBXSourcesBuildPhase section */

/* Begin XCBuildConfiguration section */
		AAE74C632984293C00E03B2D /* Debug */ = {
			isa = XCBuildConfiguration;
			buildSettings = {
				ALWAYS_SEARCH_USER_PATHS = NO;
				CLANG_ANALYZER_NONNULL = YES;
				CLANG_ANALYZER_NUMBER_OBJECT_CONVERSION = YES_AGGRESSIVE;
				CLANG_CXX_LANGUAGE_STANDARD = "gnu++20";
				CLANG_ENABLE_MODULES = YES;
				CLANG_ENABLE_OBJC_ARC = YES;
				CLANG_ENABLE_OBJC_WEAK = YES;
				CLANG_WARN_BLOCK_CAPTURE_AUTORELEASING = YES;
				CLANG_WARN_BOOL_CONVERSION = YES;
				CLANG_WARN_COMMA = YES;
				CLANG_WARN_CONSTANT_CONVERSION = YES;
				CLANG_WARN_DEPRECATED_OBJC_IMPLEMENTATIONS = YES;
				CLANG_WARN_DIRECT_OBJC_ISA_USAGE = YES_ERROR;
				CLANG_WARN_DOCUMENTATION_COMMENTS = YES;
				CLANG_WARN_EMPTY_BODY = YES;
				CLANG_WARN_ENUM_CONVERSION = YES;
				CLANG_WARN_INFINITE_RECURSION = YES;
				CLANG_WARN_INT_CONVERSION = YES;
				CLANG_WARN_NON_LITERAL_NULL_CONVERSION = YES;
				CLANG_WARN_OBJC_IMPLICIT_RETAIN_SELF = YES;
				CLANG_WARN_OBJC_LITERAL_CONVERSION = YES;
				CLANG_WARN_OBJC_ROOT_CLASS = YES_ERROR;
				CLANG_WARN_QUOTED_INCLUDE_IN_FRAMEWORK_HEADER = YES;
				CLANG_WARN_RANGE_LOOP_ANALYSIS = YES;
				CLANG_WARN_STRICT_PROTOTYPES = YES;
				CLANG_WARN_SUSPICIOUS_MOVE = YES;
				CLANG_WARN_UNGUARDED_AVAILABILITY = YES_AGGRESSIVE;
				CLANG_WARN_UNREACHABLE_CODE = YES;
				CLANG_WARN__DUPLICATE_METHOD_MATCH = YES;
				COPY_PHASE_STRIP = NO;
				DEBUG_INFORMATION_FORMAT = dwarf;
				ENABLE_STRICT_OBJC_MSGSEND = YES;
				ENABLE_TESTABILITY = YES;
				GCC_C_LANGUAGE_STANDARD = gnu11;
				GCC_DYNAMIC_NO_PIC = NO;
				GCC_NO_COMMON_BLOCKS = YES;
				GCC_OPTIMIZATION_LEVEL = 0;
				GCC_PREPROCESSOR_DEFINITIONS = (
					"DEBUG=1",
					"$(inherited)",
				);
				GCC_WARN_64_TO_32_BIT_CONVERSION = YES;
				GCC_WARN_ABOUT_RETURN_TYPE = YES_ERROR;
				GCC_WARN_UNDECLARED_SELECTOR = YES;
				GCC_WARN_UNINITIALIZED_AUTOS = YES_AGGRESSIVE;
				GCC_WARN_UNUSED_FUNCTION = YES;
				GCC_WARN_UNUSED_VARIABLE = YES;
				IPHONEOS_DEPLOYMENT_TARGET = 16.2;
				MTL_ENABLE_DEBUG_INFO = INCLUDE_SOURCE;
				MTL_FAST_MATH = YES;
				ONLY_ACTIVE_ARCH = YES;
				SDKROOT = iphoneos;
				SWIFT_ACTIVE_COMPILATION_CONDITIONS = DEBUG;
				SWIFT_OPTIMIZATION_LEVEL = "-Onone";
			};
			name = Debug;
		};
		AAE74C642984293C00E03B2D /* Release */ = {
			isa = XCBuildConfiguration;
			buildSettings = {
				ALWAYS_SEARCH_USER_PATHS = NO;
				CLANG_ANALYZER_NONNULL = YES;
				CLANG_ANALYZER_NUMBER_OBJECT_CONVERSION = YES_AGGRESSIVE;
				CLANG_CXX_LANGUAGE_STANDARD = "gnu++20";
				CLANG_ENABLE_MODULES = YES;
				CLANG_ENABLE_OBJC_ARC = YES;
				CLANG_ENABLE_OBJC_WEAK = YES;
				CLANG_WARN_BLOCK_CAPTURE_AUTORELEASING = YES;
				CLANG_WARN_BOOL_CONVERSION = YES;
				CLANG_WARN_COMMA = YES;
				CLANG_WARN_CONSTANT_CONVERSION = YES;
				CLANG_WARN_DEPRECATED_OBJC_IMPLEMENTATIONS = YES;
				CLANG_WARN_DIRECT_OBJC_ISA_USAGE = YES_ERROR;
				CLANG_WARN_DOCUMENTATION_COMMENTS = YES;
				CLANG_WARN_EMPTY_BODY = YES;
				CLANG_WARN_ENUM_CONVERSION = YES;
				CLANG_WARN_INFINITE_RECURSION = YES;
				CLANG_WARN_INT_CONVERSION = YES;
				CLANG_WARN_NON_LITERAL_NULL_CONVERSION = YES;
				CLANG_WARN_OBJC_IMPLICIT_RETAIN_SELF = YES;
				CLANG_WARN_OBJC_LITERAL_CONVERSION = YES;
				CLANG_WARN_OBJC_ROOT_CLASS = YES_ERROR;
				CLANG_WARN_QUOTED_INCLUDE_IN_FRAMEWORK_HEADER = YES;
				CLANG_WARN_RANGE_LOOP_ANALYSIS = YES;
				CLANG_WARN_STRICT_PROTOTYPES = YES;
				CLANG_WARN_SUSPICIOUS_MOVE = YES;
				CLANG_WARN_UNGUARDED_AVAILABILITY = YES_AGGRESSIVE;
				CLANG_WARN_UNREACHABLE_CODE = YES;
				CLANG_WARN__DUPLICATE_METHOD_MATCH = YES;
				COPY_PHASE_STRIP = NO;
				DEBUG_INFORMATION_FORMAT = "dwarf-with-dsym";
				ENABLE_NS_ASSERTIONS = NO;
				ENABLE_STRICT_OBJC_MSGSEND = YES;
				GCC_C_LANGUAGE_STANDARD = gnu11;
				GCC_NO_COMMON_BLOCKS = YES;
				GCC_WARN_64_TO_32_BIT_CONVERSION = YES;
				GCC_WARN_ABOUT_RETURN_TYPE = YES_ERROR;
				GCC_WARN_UNDECLARED_SELECTOR = YES;
				GCC_WARN_UNINITIALIZED_AUTOS = YES_AGGRESSIVE;
				GCC_WARN_UNUSED_FUNCTION = YES;
				GCC_WARN_UNUSED_VARIABLE = YES;
				IPHONEOS_DEPLOYMENT_TARGET = 16.2;
				MTL_ENABLE_DEBUG_INFO = NO;
				MTL_FAST_MATH = YES;
				SDKROOT = iphoneos;
				SWIFT_COMPILATION_MODE = wholemodule;
				SWIFT_OPTIMIZATION_LEVEL = "-O";
				VALIDATE_PRODUCT = YES;
			};
			name = Release;
		};
		AAE74C662984293C00E03B2D /* Debug */ = {
			isa = XCBuildConfiguration;
			buildSettings = {
				ALWAYS_EMBED_SWIFT_STANDARD_LIBRARIES = YES;
				ASSETCATALOG_COMPILER_ALTERNATE_APPICON_NAMES = "AppIcon2 AppIcon3 AppIcon4 AppIcon5 AppIcon6 AppIcon7 AppIcon8";
				ASSETCATALOG_COMPILER_APPICON_NAME = AppIcon1;
				ASSETCATALOG_COMPILER_GLOBAL_ACCENT_COLOR_NAME = AccentColor;
				ASSETCATALOG_COMPILER_INCLUDE_ALL_APPICON_ASSETS = YES;
				CODE_SIGN_ENTITLEMENTS = iPod/iPod.entitlements;
				CODE_SIGN_STYLE = Automatic;
				CURRENT_PROJECT_VERSION = 1;
				DEVELOPMENT_ASSET_PATHS = "";
				DEVELOPMENT_TEAM = 566RT33SA2;
				ENABLE_PREVIEWS = YES;
				GENERATE_INFOPLIST_FILE = YES;
				INFOPLIST_FILE = iPod/Info.plist;
				INFOPLIST_KEY_LSApplicationCategoryType = "public.app-category.music";
				INFOPLIST_KEY_NSAppleMusicUsageDescription = "To get your music files";
				INFOPLIST_KEY_UIApplicationSceneManifest_Generation = YES;
				INFOPLIST_KEY_UIApplicationSupportsIndirectInputEvents = YES;
				INFOPLIST_KEY_UILaunchScreen_Generation = YES;
				INFOPLIST_KEY_UISupportedInterfaceOrientations_iPad = "UIInterfaceOrientationPortrait UIInterfaceOrientationPortraitUpsideDown UIInterfaceOrientationLandscapeLeft UIInterfaceOrientationLandscapeRight";
				INFOPLIST_KEY_UISupportedInterfaceOrientations_iPhone = "UIInterfaceOrientationPortrait UIInterfaceOrientationLandscapeLeft UIInterfaceOrientationLandscapeRight";
				IPHONEOS_DEPLOYMENT_TARGET = 15.0;
				LD_RUNPATH_SEARCH_PATHS = (
					"$(inherited)",
					"@executable_path/Frameworks",
				);
				LIBRARY_SEARCH_PATHS = (
					"$(inherited)",
					"$(PROJECT_DIR)/iPod/Utilities/MediaPlayerUI",
				);
				MARKETING_VERSION = 0.0.1;
				PRODUCT_BUNDLE_IDENTIFIER = com.llsc12.iPod;
				PRODUCT_NAME = "$(TARGET_NAME)";
				SUPPORTED_PLATFORMS = "iphoneos iphonesimulator";
				SUPPORTS_MACCATALYST = YES;
				SUPPORTS_MAC_DESIGNED_FOR_IPHONE_IPAD = NO;
				SWIFT_EMIT_LOC_STRINGS = YES;
				SWIFT_VERSION = 5.0;
				TARGETED_DEVICE_FAMILY = "1,2";
			};
			name = Debug;
		};
		AAE74C672984293C00E03B2D /* Release */ = {
			isa = XCBuildConfiguration;
			buildSettings = {
				ALWAYS_EMBED_SWIFT_STANDARD_LIBRARIES = YES;
				ASSETCATALOG_COMPILER_ALTERNATE_APPICON_NAMES = "AppIcon2 AppIcon3 AppIcon4 AppIcon5 AppIcon6 AppIcon7 AppIcon8";
				ASSETCATALOG_COMPILER_APPICON_NAME = AppIcon1;
				ASSETCATALOG_COMPILER_GLOBAL_ACCENT_COLOR_NAME = AccentColor;
				ASSETCATALOG_COMPILER_INCLUDE_ALL_APPICON_ASSETS = YES;
				CODE_SIGN_ENTITLEMENTS = iPod/iPod.entitlements;
				CODE_SIGN_STYLE = Automatic;
				CURRENT_PROJECT_VERSION = 1;
				DEVELOPMENT_ASSET_PATHS = "";
				DEVELOPMENT_TEAM = 566RT33SA2;
				ENABLE_PREVIEWS = YES;
				GENERATE_INFOPLIST_FILE = YES;
				INFOPLIST_FILE = iPod/Info.plist;
				INFOPLIST_KEY_LSApplicationCategoryType = "public.app-category.music";
				INFOPLIST_KEY_NSAppleMusicUsageDescription = "To get your music files";
				INFOPLIST_KEY_UIApplicationSceneManifest_Generation = YES;
				INFOPLIST_KEY_UIApplicationSupportsIndirectInputEvents = YES;
				INFOPLIST_KEY_UILaunchScreen_Generation = YES;
				INFOPLIST_KEY_UISupportedInterfaceOrientations_iPad = "UIInterfaceOrientationPortrait UIInterfaceOrientationPortraitUpsideDown UIInterfaceOrientationLandscapeLeft UIInterfaceOrientationLandscapeRight";
				INFOPLIST_KEY_UISupportedInterfaceOrientations_iPhone = "UIInterfaceOrientationPortrait UIInterfaceOrientationLandscapeLeft UIInterfaceOrientationLandscapeRight";
				IPHONEOS_DEPLOYMENT_TARGET = 15.0;
				LD_RUNPATH_SEARCH_PATHS = (
					"$(inherited)",
					"@executable_path/Frameworks",
				);
				LIBRARY_SEARCH_PATHS = (
					"$(inherited)",
					"$(PROJECT_DIR)/iPod/Utilities/MediaPlayerUI",
				);
				MARKETING_VERSION = 0.0.1;
				PRODUCT_BUNDLE_IDENTIFIER = com.llsc12.iPod;
				PRODUCT_NAME = "$(TARGET_NAME)";
				SUPPORTED_PLATFORMS = "iphoneos iphonesimulator";
				SUPPORTS_MACCATALYST = YES;
				SUPPORTS_MAC_DESIGNED_FOR_IPHONE_IPAD = NO;
				SWIFT_EMIT_LOC_STRINGS = YES;
				SWIFT_VERSION = 5.0;
				TARGETED_DEVICE_FAMILY = "1,2";
			};
			name = Release;
		};
/* End XCBuildConfiguration section */

/* Begin XCConfigurationList section */
		AAE74C522984293A00E03B2D /* Build configuration list for PBXProject "iPod" */ = {
			isa = XCConfigurationList;
			buildConfigurations = (
				AAE74C632984293C00E03B2D /* Debug */,
				AAE74C642984293C00E03B2D /* Release */,
			);
			defaultConfigurationIsVisible = 0;
			defaultConfigurationName = Release;
		};
		AAE74C652984293C00E03B2D /* Build configuration list for PBXNativeTarget "iPod" */ = {
			isa = XCConfigurationList;
			buildConfigurations = (
				AAE74C662984293C00E03B2D /* Debug */,
				AAE74C672984293C00E03B2D /* Release */,
			);
			defaultConfigurationIsVisible = 0;
			defaultConfigurationName = Release;
		};
/* End XCConfigurationList section */

/* Begin XCRemoteSwiftPackageReference section */
		AA2B537129AEE04E00B68994 /* XCRemoteSwiftPackageReference "MarqueeText" */ = {
			isa = XCRemoteSwiftPackageReference;
			repositoryURL = "https://github.com/joekndy/MarqueeText";
			requirement = {
				branch = master;
				kind = branch;
			};
		};
		AA33305E2993FFD4009F594F /* XCRemoteSwiftPackageReference "LNPopupUI" */ = {
			isa = XCRemoteSwiftPackageReference;
			repositoryURL = "https://github.com/LeoNatan/LNPopupUI";
			requirement = {
				branch = master;
				kind = branch;
			};
		};
		AA9417B929AA7570007D3704 /* XCRemoteSwiftPackageReference "SwiftUI-Introspect" */ = {
			isa = XCRemoteSwiftPackageReference;
			repositoryURL = "https://github.com/siteline/SwiftUI-Introspect";
			requirement = {
				kind = upToNextMajorVersion;
				minimumVersion = 0.2.3;
			};
		};
		AA9417E329AAD1A8007D3704 /* XCRemoteSwiftPackageReference "ViewExtractor" */ = {
			isa = XCRemoteSwiftPackageReference;
			repositoryURL = "https://github.com/GeorgeElsham/ViewExtractor";
			requirement = {
				kind = upToNextMajorVersion;
				minimumVersion = 2.0.0;
			};
		};
		AABD2AB129AD8ABA00A65445 /* XCRemoteSwiftPackageReference "Welcome-Sheet" */ = {
			isa = XCRemoteSwiftPackageReference;
			repositoryURL = "https://github.com/MAJKFL/Welcome-Sheet";
			requirement = {
				branch = main;
				kind = branch;
			};
		};
/* End XCRemoteSwiftPackageReference section */

/* Begin XCSwiftPackageProductDependency section */
		AA2B537229AEE04E00B68994 /* MarqueeText */ = {
			isa = XCSwiftPackageProductDependency;
			package = AA2B537129AEE04E00B68994 /* XCRemoteSwiftPackageReference "MarqueeText" */;
			productName = MarqueeText;
		};
		AA9417BA29AA7570007D3704 /* Introspect */ = {
			isa = XCSwiftPackageProductDependency;
			package = AA9417B929AA7570007D3704 /* XCRemoteSwiftPackageReference "SwiftUI-Introspect" */;
			productName = Introspect;
		};
		AA9417E429AAD1A8007D3704 /* ViewExtractor */ = {
			isa = XCSwiftPackageProductDependency;
			package = AA9417E329AAD1A8007D3704 /* XCRemoteSwiftPackageReference "ViewExtractor" */;
			productName = ViewExtractor;
		};
		AABD2AB229AD8ABA00A65445 /* WelcomeSheet */ = {
			isa = XCSwiftPackageProductDependency;
			package = AABD2AB129AD8ABA00A65445 /* XCRemoteSwiftPackageReference "Welcome-Sheet" */;
			productName = WelcomeSheet;
		};
		AAEEEE8729B0CA7900BF6F2B /* LNPopupUI */ = {
			isa = XCSwiftPackageProductDependency;
			package = AA33305E2993FFD4009F594F /* XCRemoteSwiftPackageReference "LNPopupUI" */;
			productName = LNPopupUI;
		};
/* End XCSwiftPackageProductDependency section */
	};
	rootObject = AAE74C4F2984293A00E03B2D /* Project object */;
}
