// !$*UTF8*$!
{
	archiveVersion = 1;
	classes = {
	};
	objectVersion = 56;
	objects = {

/* Begin PBXBuildFile section */
		AA3330602993FFD4009F594F /* LNPopupUI in Frameworks */ = {isa = PBXBuildFile; productRef = AA33305F2993FFD4009F594F /* LNPopupUI */; };
		AA3330612994002E009F594F /* LNPopupUI in Embed Frameworks */ = {isa = PBXBuildFile; productRef = AA33305F2993FFD4009F594F /* LNPopupUI */; settings = {ATTRIBUTES = (CodeSignOnCopy, ); }; };
		AA33306429940602009F594F /* PlayerPopover.swift in Sources */ = {isa = PBXBuildFile; fileRef = AA33306329940602009F594F /* PlayerPopover.swift */; };
		AA33651429848C2100420C53 /* SettingsTabView.swift in Sources */ = {isa = PBXBuildFile; fileRef = AA33651329848C2100420C53 /* SettingsTabView.swift */; };
		AA3365162984B13B00420C53 /* AlbumView.swift in Sources */ = {isa = PBXBuildFile; fileRef = AA3365152984B13B00420C53 /* AlbumView.swift */; };
		AA3365182984B18000420C53 /* ContentView.swift in Sources */ = {isa = PBXBuildFile; fileRef = AA3365172984B18000420C53 /* ContentView.swift */; };
		AA33651A2984B20600420C53 /* Coverflow.swift in Sources */ = {isa = PBXBuildFile; fileRef = AA3365192984B20600420C53 /* Coverflow.swift */; };
		AABA01EF2991AFAD0088591A /* StorageManager.swift in Sources */ = {isa = PBXBuildFile; fileRef = AABA01EE2991AFAD0088591A /* StorageManager.swift */; };
		AAE74C5B2984293A00E03B2D /* iPodApp.swift in Sources */ = {isa = PBXBuildFile; fileRef = AAE74C5A2984293A00E03B2D /* iPodApp.swift */; };
		AAE74C5F2984293C00E03B2D /* Assets.xcassets in Resources */ = {isa = PBXBuildFile; fileRef = AAE74C5E2984293C00E03B2D /* Assets.xcassets */; };
		AAE74C6A298429FB00E03B2D /* MusicLibrary.swift in Sources */ = {isa = PBXBuildFile; fileRef = AAE74C69298429FB00E03B2D /* MusicLibrary.swift */; };
		AAF7C66C2986BA3200E1FA65 /* PlayerClass.swift in Sources */ = {isa = PBXBuildFile; fileRef = AAF7C66B2986BA3200E1FA65 /* PlayerClass.swift */; };
		AAFCDA88298456E2003609B2 /* AlbumsTabView.swift in Sources */ = {isa = PBXBuildFile; fileRef = AAFCDA87298456E2003609B2 /* AlbumsTabView.swift */; };
		AAFCDA8D29845726003609B2 /* SongsTabView.swift in Sources */ = {isa = PBXBuildFile; fileRef = AAFCDA8C29845726003609B2 /* SongsTabView.swift */; };
		AAFCDA90298457EA003609B2 /* PlaylistsTabView.swift in Sources */ = {isa = PBXBuildFile; fileRef = AAFCDA8F298457EA003609B2 /* PlaylistsTabView.swift */; };
		AAFCDA9229848023003609B2 /* Utilities.swift in Sources */ = {isa = PBXBuildFile; fileRef = AAFCDA9129848023003609B2 /* Utilities.swift */; };
/* End PBXBuildFile section */

/* Begin PBXCopyFilesBuildPhase section */
		AA3330622994002E009F594F /* Embed Frameworks */ = {
			isa = PBXCopyFilesBuildPhase;
			buildActionMask = 2147483647;
			dstPath = "";
			dstSubfolderSpec = 10;
			files = (
				AA3330612994002E009F594F /* LNPopupUI in Embed Frameworks */,
			);
			name = "Embed Frameworks";
			runOnlyForDeploymentPostprocessing = 0;
		};
/* End PBXCopyFilesBuildPhase section */

/* Begin PBXFileReference section */
		AA33306329940602009F594F /* PlayerPopover.swift */ = {isa = PBXFileReference; lastKnownFileType = sourcecode.swift; path = PlayerPopover.swift; sourceTree = "<group>"; };
		AA33651329848C2100420C53 /* SettingsTabView.swift */ = {isa = PBXFileReference; lastKnownFileType = sourcecode.swift; path = SettingsTabView.swift; sourceTree = "<group>"; };
		AA3365152984B13B00420C53 /* AlbumView.swift */ = {isa = PBXFileReference; lastKnownFileType = sourcecode.swift; path = AlbumView.swift; sourceTree = "<group>"; };
		AA3365172984B18000420C53 /* ContentView.swift */ = {isa = PBXFileReference; lastKnownFileType = sourcecode.swift; path = ContentView.swift; sourceTree = "<group>"; };
		AA3365192984B20600420C53 /* Coverflow.swift */ = {isa = PBXFileReference; lastKnownFileType = sourcecode.swift; path = Coverflow.swift; sourceTree = "<group>"; };
		AA33651B2985558200420C53 /* Info.plist */ = {isa = PBXFileReference; lastKnownFileType = text.plist; path = Info.plist; sourceTree = "<group>"; };
		AA33651C2985559300420C53 /* iPod.entitlements */ = {isa = PBXFileReference; lastKnownFileType = text.plist.entitlements; path = iPod.entitlements; sourceTree = "<group>"; };
		AABA01EE2991AFAD0088591A /* StorageManager.swift */ = {isa = PBXFileReference; lastKnownFileType = sourcecode.swift; path = StorageManager.swift; sourceTree = "<group>"; };
		AAE74C572984293A00E03B2D /* iPod.app */ = {isa = PBXFileReference; explicitFileType = wrapper.application; includeInIndex = 0; path = iPod.app; sourceTree = BUILT_PRODUCTS_DIR; };
		AAE74C5A2984293A00E03B2D /* iPodApp.swift */ = {isa = PBXFileReference; lastKnownFileType = sourcecode.swift; path = iPodApp.swift; sourceTree = "<group>"; };
		AAE74C5E2984293C00E03B2D /* Assets.xcassets */ = {isa = PBXFileReference; lastKnownFileType = folder.assetcatalog; path = Assets.xcassets; sourceTree = "<group>"; };
		AAE74C69298429FB00E03B2D /* MusicLibrary.swift */ = {isa = PBXFileReference; lastKnownFileType = sourcecode.swift; path = MusicLibrary.swift; sourceTree = "<group>"; };
		AAF7C66B2986BA3200E1FA65 /* PlayerClass.swift */ = {isa = PBXFileReference; lastKnownFileType = sourcecode.swift; path = PlayerClass.swift; sourceTree = "<group>"; };
		AAFCDA87298456E2003609B2 /* AlbumsTabView.swift */ = {isa = PBXFileReference; lastKnownFileType = sourcecode.swift; path = AlbumsTabView.swift; sourceTree = "<group>"; };
		AAFCDA8C29845726003609B2 /* SongsTabView.swift */ = {isa = PBXFileReference; lastKnownFileType = sourcecode.swift; path = SongsTabView.swift; sourceTree = "<group>"; };
		AAFCDA8F298457EA003609B2 /* PlaylistsTabView.swift */ = {isa = PBXFileReference; lastKnownFileType = sourcecode.swift; path = PlaylistsTabView.swift; sourceTree = "<group>"; };
		AAFCDA9129848023003609B2 /* Utilities.swift */ = {isa = PBXFileReference; lastKnownFileType = sourcecode.swift; path = Utilities.swift; sourceTree = "<group>"; };
/* End PBXFileReference section */

/* Begin PBXFrameworksBuildPhase section */
		AAE74C542984293A00E03B2D /* Frameworks */ = {
			isa = PBXFrameworksBuildPhase;
			buildActionMask = 2147483647;
			files = (
				AA3330602993FFD4009F594F /* LNPopupUI in Frameworks */,
			);
			runOnlyForDeploymentPostprocessing = 0;
		};
/* End PBXFrameworksBuildPhase section */

/* Begin PBXGroup section */
		AA3330532992FDBB009F594F /* Utilities */ = {
			isa = PBXGroup;
			children = (
				AAFCDA9129848023003609B2 /* Utilities.swift */,
			);
			path = Utilities;
			sourceTree = "<group>";
		};
		AA33651229848C0A00420C53 /* Settings */ = {
			isa = PBXGroup;
			children = (
				AA33651329848C2100420C53 /* SettingsTabView.swift */,
			);
			path = Settings;
			sourceTree = "<group>";
		};
		AAE74C4E2984293A00E03B2D = {
			isa = PBXGroup;
			children = (
				AAE74C592984293A00E03B2D /* iPod */,
				AAE74C582984293A00E03B2D /* Products */,
			);
			sourceTree = "<group>";
		};
		AAE74C582984293A00E03B2D /* Products */ = {
			isa = PBXGroup;
			children = (
				AAE74C572984293A00E03B2D /* iPod.app */,
			);
			name = Products;
			sourceTree = "<group>";
		};
		AAE74C592984293A00E03B2D /* iPod */ = {
			isa = PBXGroup;
			children = (
				AA33651C2985559300420C53 /* iPod.entitlements */,
				AA33651B2985558200420C53 /* Info.plist */,
				AAE74C5A2984293A00E03B2D /* iPodApp.swift */,
				AA3365172984B18000420C53 /* ContentView.swift */,
				AAF7C66A2986BA2800E1FA65 /* Player */,
				AA3365192984B20600420C53 /* Coverflow.swift */,
				AA3330532992FDBB009F594F /* Utilities */,
				AABA01EE2991AFAD0088591A /* StorageManager.swift */,
				AAFCDA86298456D4003609B2 /* Tabs */,
				AAF7C65629869B5300E1FA65 /* Assets */,
				AAE74C68298429E800E03B2D /* MusicLibraryTools */,
			);
			path = iPod;
			sourceTree = "<group>";
		};
		AAE74C68298429E800E03B2D /* MusicLibraryTools */ = {
			isa = PBXGroup;
			children = (
				AAE74C69298429FB00E03B2D /* MusicLibrary.swift */,
			);
			path = MusicLibraryTools;
			sourceTree = "<group>";
		};
		AAF7C65629869B5300E1FA65 /* Assets */ = {
			isa = PBXGroup;
			children = (
				AAE74C5E2984293C00E03B2D /* Assets.xcassets */,
			);
			path = Assets;
			sourceTree = "<group>";
		};
		AAF7C66A2986BA2800E1FA65 /* Player */ = {
			isa = PBXGroup;
			children = (
				AAF7C66B2986BA3200E1FA65 /* PlayerClass.swift */,
				AA33306329940602009F594F /* PlayerPopover.swift */,
			);
			path = Player;
			sourceTree = "<group>";
		};
		AAFCDA86298456D4003609B2 /* Tabs */ = {
			isa = PBXGroup;
			children = (
				AAFCDA8A298456EB003609B2 /* Albums */,
				AAFCDA8B29845714003609B2 /* Songs */,
				AAFCDA8E298457DC003609B2 /* Playlists */,
				AA33651229848C0A00420C53 /* Settings */,
			);
			path = Tabs;
			sourceTree = "<group>";
		};
		AAFCDA8A298456EB003609B2 /* Albums */ = {
			isa = PBXGroup;
			children = (
				AAFCDA87298456E2003609B2 /* AlbumsTabView.swift */,
				AA3365152984B13B00420C53 /* AlbumView.swift */,
			);
			path = Albums;
			sourceTree = "<group>";
		};
		AAFCDA8B29845714003609B2 /* Songs */ = {
			isa = PBXGroup;
			children = (
				AAFCDA8C29845726003609B2 /* SongsTabView.swift */,
			);
			path = Songs;
			sourceTree = "<group>";
		};
		AAFCDA8E298457DC003609B2 /* Playlists */ = {
			isa = PBXGroup;
			children = (
				AAFCDA8F298457EA003609B2 /* PlaylistsTabView.swift */,
			);
			path = Playlists;
			sourceTree = "<group>";
		};
/* End PBXGroup section */

/* Begin PBXNativeTarget section */
		AAE74C562984293A00E03B2D /* iPod */ = {
			isa = PBXNativeTarget;
			buildConfigurationList = AAE74C652984293C00E03B2D /* Build configuration list for PBXNativeTarget "iPod" */;
			buildPhases = (
				AAE74C532984293A00E03B2D /* Sources */,
				AAE74C542984293A00E03B2D /* Frameworks */,
				AAE74C552984293A00E03B2D /* Resources */,
				AA3330622994002E009F594F /* Embed Frameworks */,
			);
			buildRules = (
			);
			dependencies = (
			);
			name = iPod;
			packageProductDependencies = (
				AA33305F2993FFD4009F594F /* LNPopupUI */,
			);
			productName = Music;
			productReference = AAE74C572984293A00E03B2D /* iPod.app */;
			productType = "com.apple.product-type.application";
		};
/* End PBXNativeTarget section */

/* Begin PBXProject section */
		AAE74C4F2984293A00E03B2D /* Project object */ = {
			isa = PBXProject;
			attributes = {
				BuildIndependentTargetsInParallel = 1;
				LastSwiftUpdateCheck = 1420;
				LastUpgradeCheck = 1420;
				TargetAttributes = {
					AAE74C562984293A00E03B2D = {
						CreatedOnToolsVersion = 14.2;
					};
				};
			};
			buildConfigurationList = AAE74C522984293A00E03B2D /* Build configuration list for PBXProject "iPod" */;
			compatibilityVersion = "Xcode 14.0";
			developmentRegion = en;
			hasScannedForEncodings = 0;
			knownRegions = (
				en,
				Base,
			);
			mainGroup = AAE74C4E2984293A00E03B2D;
			packageReferences = (
				AA33305E2993FFD4009F594F /* XCRemoteSwiftPackageReference "LNPopupUI" */,
			);
			productRefGroup = AAE74C582984293A00E03B2D /* Products */;
			projectDirPath = "";
			projectRoot = "";
			targets = (
				AAE74C562984293A00E03B2D /* iPod */,
			);
		};
/* End PBXProject section */

/* Begin PBXResourcesBuildPhase section */
		AAE74C552984293A00E03B2D /* Resources */ = {
			isa = PBXResourcesBuildPhase;
			buildActionMask = 2147483647;
			files = (
				AAE74C5F2984293C00E03B2D /* Assets.xcassets in Resources */,
			);
			runOnlyForDeploymentPostprocessing = 0;
		};
/* End PBXResourcesBuildPhase section */

/* Begin PBXSourcesBuildPhase section */
		AAE74C532984293A00E03B2D /* Sources */ = {
			isa = PBXSourcesBuildPhase;
			buildActionMask = 2147483647;
			files = (
				AA33306429940602009F594F /* PlayerPopover.swift in Sources */,
				AAFCDA9229848023003609B2 /* Utilities.swift in Sources */,
				AA33651429848C2100420C53 /* SettingsTabView.swift in Sources */,
				AAF7C66C2986BA3200E1FA65 /* PlayerClass.swift in Sources */,
				AABA01EF2991AFAD0088591A /* StorageManager.swift in Sources */,
				AAFCDA90298457EA003609B2 /* PlaylistsTabView.swift in Sources */,
				AAE74C6A298429FB00E03B2D /* MusicLibrary.swift in Sources */,
				AAFCDA8D29845726003609B2 /* SongsTabView.swift in Sources */,
				AA33651A2984B20600420C53 /* Coverflow.swift in Sources */,
				AA3365182984B18000420C53 /* ContentView.swift in Sources */,
				AAE74C5B2984293A00E03B2D /* iPodApp.swift in Sources */,
				AA3365162984B13B00420C53 /* AlbumView.swift in Sources */,
				AAFCDA88298456E2003609B2 /* AlbumsTabView.swift in Sources */,
			);
			runOnlyForDeploymentPostprocessing = 0;
		};
/* End PBXSourcesBuildPhase section */

/* Begin XCBuildConfiguration section */
		AAE74C632984293C00E03B2D /* Debug */ = {
			isa = XCBuildConfiguration;
			buildSettings = {
				ALWAYS_SEARCH_USER_PATHS = NO;
				CLANG_ANALYZER_NONNULL = YES;
				CLANG_ANALYZER_NUMBER_OBJECT_CONVERSION = YES_AGGRESSIVE;
				CLANG_CXX_LANGUAGE_STANDARD = "gnu++20";
				CLANG_ENABLE_MODULES = YES;
				CLANG_ENABLE_OBJC_ARC = YES;
				CLANG_ENABLE_OBJC_WEAK = YES;
				CLANG_WARN_BLOCK_CAPTURE_AUTORELEASING = YES;
				CLANG_WARN_BOOL_CONVERSION = YES;
				CLANG_WARN_COMMA = YES;
				CLANG_WARN_CONSTANT_CONVERSION = YES;
				CLANG_WARN_DEPRECATED_OBJC_IMPLEMENTATIONS = YES;
				CLANG_WARN_DIRECT_OBJC_ISA_USAGE = YES_ERROR;
				CLANG_WARN_DOCUMENTATION_COMMENTS = YES;
				CLANG_WARN_EMPTY_BODY = YES;
				CLANG_WARN_ENUM_CONVERSION = YES;
				CLANG_WARN_INFINITE_RECURSION = YES;
				CLANG_WARN_INT_CONVERSION = YES;
				CLANG_WARN_NON_LITERAL_NULL_CONVERSION = YES;
				CLANG_WARN_OBJC_IMPLICIT_RETAIN_SELF = YES;
				CLANG_WARN_OBJC_LITERAL_CONVERSION = YES;
				CLANG_WARN_OBJC_ROOT_CLASS = YES_ERROR;
				CLANG_WARN_QUOTED_INCLUDE_IN_FRAMEWORK_HEADER = YES;
				CLANG_WARN_RANGE_LOOP_ANALYSIS = YES;
				CLANG_WARN_STRICT_PROTOTYPES = YES;
				CLANG_WARN_SUSPICIOUS_MOVE = YES;
				CLANG_WARN_UNGUARDED_AVAILABILITY = YES_AGGRESSIVE;
				CLANG_WARN_UNREACHABLE_CODE = YES;
				CLANG_WARN__DUPLICATE_METHOD_MATCH = YES;
				COPY_PHASE_STRIP = NO;
				DEBUG_INFORMATION_FORMAT = dwarf;
				ENABLE_STRICT_OBJC_MSGSEND = YES;
				ENABLE_TESTABILITY = YES;
				GCC_C_LANGUAGE_STANDARD = gnu11;
				GCC_DYNAMIC_NO_PIC = NO;
				GCC_NO_COMMON_BLOCKS = YES;
				GCC_OPTIMIZATION_LEVEL = 0;
				GCC_PREPROCESSOR_DEFINITIONS = (
					"DEBUG=1",
					"$(inherited)",
				);
				GCC_WARN_64_TO_32_BIT_CONVERSION = YES;
				GCC_WARN_ABOUT_RETURN_TYPE = YES_ERROR;
				GCC_WARN_UNDECLARED_SELECTOR = YES;
				GCC_WARN_UNINITIALIZED_AUTOS = YES_AGGRESSIVE;
				GCC_WARN_UNUSED_FUNCTION = YES;
				GCC_WARN_UNUSED_VARIABLE = YES;
				IPHONEOS_DEPLOYMENT_TARGET = 16.2;
				MTL_ENABLE_DEBUG_INFO = INCLUDE_SOURCE;
				MTL_FAST_MATH = YES;
				ONLY_ACTIVE_ARCH = YES;
				SDKROOT = iphoneos;
				SWIFT_ACTIVE_COMPILATION_CONDITIONS = DEBUG;
				SWIFT_OPTIMIZATION_LEVEL = "-Onone";
			};
			name = Debug;
		};
		AAE74C642984293C00E03B2D /* Release */ = {
			isa = XCBuildConfiguration;
			buildSettings = {
				ALWAYS_SEARCH_USER_PATHS = NO;
				CLANG_ANALYZER_NONNULL = YES;
				CLANG_ANALYZER_NUMBER_OBJECT_CONVERSION = YES_AGGRESSIVE;
				CLANG_CXX_LANGUAGE_STANDARD = "gnu++20";
				CLANG_ENABLE_MODULES = YES;
				CLANG_ENABLE_OBJC_ARC = YES;
				CLANG_ENABLE_OBJC_WEAK = YES;
				CLANG_WARN_BLOCK_CAPTURE_AUTORELEASING = YES;
				CLANG_WARN_BOOL_CONVERSION = YES;
				CLANG_WARN_COMMA = YES;
				CLANG_WARN_CONSTANT_CONVERSION = YES;
				CLANG_WARN_DEPRECATED_OBJC_IMPLEMENTATIONS = YES;
				CLANG_WARN_DIRECT_OBJC_ISA_USAGE = YES_ERROR;
				CLANG_WARN_DOCUMENTATION_COMMENTS = YES;
				CLANG_WARN_EMPTY_BODY = YES;
				CLANG_WARN_ENUM_CONVERSION = YES;
				CLANG_WARN_INFINITE_RECURSION = YES;
				CLANG_WARN_INT_CONVERSION = YES;
				CLANG_WARN_NON_LITERAL_NULL_CONVERSION = YES;
				CLANG_WARN_OBJC_IMPLICIT_RETAIN_SELF = YES;
				CLANG_WARN_OBJC_LITERAL_CONVERSION = YES;
				CLANG_WARN_OBJC_ROOT_CLASS = YES_ERROR;
				CLANG_WARN_QUOTED_INCLUDE_IN_FRAMEWORK_HEADER = YES;
				CLANG_WARN_RANGE_LOOP_ANALYSIS = YES;
				CLANG_WARN_STRICT_PROTOTYPES = YES;
				CLANG_WARN_SUSPICIOUS_MOVE = YES;
				CLANG_WARN_UNGUARDED_AVAILABILITY = YES_AGGRESSIVE;
				CLANG_WARN_UNREACHABLE_CODE = YES;
				CLANG_WARN__DUPLICATE_METHOD_MATCH = YES;
				COPY_PHASE_STRIP = NO;
				DEBUG_INFORMATION_FORMAT = "dwarf-with-dsym";
				ENABLE_NS_ASSERTIONS = NO;
				ENABLE_STRICT_OBJC_MSGSEND = YES;
				GCC_C_LANGUAGE_STANDARD = gnu11;
				GCC_NO_COMMON_BLOCKS = YES;
				GCC_WARN_64_TO_32_BIT_CONVERSION = YES;
				GCC_WARN_ABOUT_RETURN_TYPE = YES_ERROR;
				GCC_WARN_UNDECLARED_SELECTOR = YES;
				GCC_WARN_UNINITIALIZED_AUTOS = YES_AGGRESSIVE;
				GCC_WARN_UNUSED_FUNCTION = YES;
				GCC_WARN_UNUSED_VARIABLE = YES;
				IPHONEOS_DEPLOYMENT_TARGET = 16.2;
				MTL_ENABLE_DEBUG_INFO = NO;
				MTL_FAST_MATH = YES;
				SDKROOT = iphoneos;
				SWIFT_COMPILATION_MODE = wholemodule;
				SWIFT_OPTIMIZATION_LEVEL = "-O";
				VALIDATE_PRODUCT = YES;
			};
			name = Release;
		};
		AAE74C662984293C00E03B2D /* Debug */ = {
			isa = XCBuildConfiguration;
			buildSettings = {
				ASSETCATALOG_COMPILER_ALTERNATE_APPICON_NAMES = "AppIcon2 AppIcon3 AppIcon4 AppIcon5 AppIcon6 AppIcon7 AppIcon8";
				ASSETCATALOG_COMPILER_APPICON_NAME = AppIcon1;
				ASSETCATALOG_COMPILER_GLOBAL_ACCENT_COLOR_NAME = AccentColor;
				ASSETCATALOG_COMPILER_INCLUDE_ALL_APPICON_ASSETS = YES;
				CODE_SIGN_ENTITLEMENTS = iPod/iPod.entitlements;
				CODE_SIGN_STYLE = Automatic;
				CURRENT_PROJECT_VERSION = 1;
				DEVELOPMENT_ASSET_PATHS = "";
				DEVELOPMENT_TEAM = 566RT33SA2;
				ENABLE_PREVIEWS = YES;
				GENERATE_INFOPLIST_FILE = YES;
				INFOPLIST_FILE = iPod/Info.plist;
				INFOPLIST_KEY_NSAppleMusicUsageDescription = "To get your music files";
				INFOPLIST_KEY_UIApplicationSceneManifest_Generation = YES;
				INFOPLIST_KEY_UIApplicationSupportsIndirectInputEvents = YES;
				INFOPLIST_KEY_UILaunchScreen_Generation = YES;
				INFOPLIST_KEY_UISupportedInterfaceOrientations_iPad = "UIInterfaceOrientationPortrait UIInterfaceOrientationPortraitUpsideDown UIInterfaceOrientationLandscapeLeft UIInterfaceOrientationLandscapeRight";
				INFOPLIST_KEY_UISupportedInterfaceOrientations_iPhone = "UIInterfaceOrientationPortrait UIInterfaceOrientationLandscapeLeft UIInterfaceOrientationLandscapeRight";
				IPHONEOS_DEPLOYMENT_TARGET = 15.0;
				LD_RUNPATH_SEARCH_PATHS = (
					"$(inherited)",
					"@executable_path/Frameworks",
				);
				MARKETING_VERSION = 1.0;
				PRODUCT_BUNDLE_IDENTIFIER = com.llsc12.iPod;
				PRODUCT_NAME = "$(TARGET_NAME)";
				SUPPORTED_PLATFORMS = "iphoneos iphonesimulator";
				SUPPORTS_MACCATALYST = YES;
				SUPPORTS_MAC_DESIGNED_FOR_IPHONE_IPAD = NO;
				SWIFT_EMIT_LOC_STRINGS = YES;
				SWIFT_VERSION = 5.0;
				TARGETED_DEVICE_FAMILY = "1,2,6";
			};
			name = Debug;
		};
		AAE74C672984293C00E03B2D /* Release */ = {
			isa = XCBuildConfiguration;
			buildSettings = {
				ASSETCATALOG_COMPILER_ALTERNATE_APPICON_NAMES = "AppIcon2 AppIcon3 AppIcon4 AppIcon5 AppIcon6 AppIcon7 AppIcon8";
				ASSETCATALOG_COMPILER_APPICON_NAME = AppIcon1;
				ASSETCATALOG_COMPILER_GLOBAL_ACCENT_COLOR_NAME = AccentColor;
				ASSETCATALOG_COMPILER_INCLUDE_ALL_APPICON_ASSETS = YES;
				CODE_SIGN_ENTITLEMENTS = iPod/iPod.entitlements;
				CODE_SIGN_STYLE = Automatic;
				CURRENT_PROJECT_VERSION = 1;
				DEVELOPMENT_ASSET_PATHS = "";
				DEVELOPMENT_TEAM = 566RT33SA2;
				ENABLE_PREVIEWS = YES;
				GENERATE_INFOPLIST_FILE = YES;
				INFOPLIST_FILE = iPod/Info.plist;
				INFOPLIST_KEY_NSAppleMusicUsageDescription = "To get your music files";
				INFOPLIST_KEY_UIApplicationSceneManifest_Generation = YES;
				INFOPLIST_KEY_UIApplicationSupportsIndirectInputEvents = YES;
				INFOPLIST_KEY_UILaunchScreen_Generation = YES;
				INFOPLIST_KEY_UISupportedInterfaceOrientations_iPad = "UIInterfaceOrientationPortrait UIInterfaceOrientationPortraitUpsideDown UIInterfaceOrientationLandscapeLeft UIInterfaceOrientationLandscapeRight";
				INFOPLIST_KEY_UISupportedInterfaceOrientations_iPhone = "UIInterfaceOrientationPortrait UIInterfaceOrientationLandscapeLeft UIInterfaceOrientationLandscapeRight";
				IPHONEOS_DEPLOYMENT_TARGET = 15.0;
				LD_RUNPATH_SEARCH_PATHS = (
					"$(inherited)",
					"@executable_path/Frameworks",
				);
				MARKETING_VERSION = 1.0;
				PRODUCT_BUNDLE_IDENTIFIER = com.llsc12.iPod;
				PRODUCT_NAME = "$(TARGET_NAME)";
				SUPPORTED_PLATFORMS = "iphoneos iphonesimulator";
				SUPPORTS_MACCATALYST = YES;
				SUPPORTS_MAC_DESIGNED_FOR_IPHONE_IPAD = NO;
				SWIFT_EMIT_LOC_STRINGS = YES;
				SWIFT_VERSION = 5.0;
				TARGETED_DEVICE_FAMILY = "1,2,6";
			};
			name = Release;
		};
/* End XCBuildConfiguration section */

/* Begin XCConfigurationList section */
		AAE74C522984293A00E03B2D /* Build configuration list for PBXProject "iPod" */ = {
			isa = XCConfigurationList;
			buildConfigurations = (
				AAE74C632984293C00E03B2D /* Debug */,
				AAE74C642984293C00E03B2D /* Release */,
			);
			defaultConfigurationIsVisible = 0;
			defaultConfigurationName = Release;
		};
		AAE74C652984293C00E03B2D /* Build configuration list for PBXNativeTarget "iPod" */ = {
			isa = XCConfigurationList;
			buildConfigurations = (
				AAE74C662984293C00E03B2D /* Debug */,
				AAE74C672984293C00E03B2D /* Release */,
			);
			defaultConfigurationIsVisible = 0;
			defaultConfigurationName = Release;
		};
/* End XCConfigurationList section */

/* Begin XCRemoteSwiftPackageReference section */
		AA33305E2993FFD4009F594F /* XCRemoteSwiftPackageReference "LNPopupUI" */ = {
			isa = XCRemoteSwiftPackageReference;
			repositoryURL = "https://github.com/LeoNatan/LNPopupUI";
			requirement = {
				branch = master;
				kind = branch;
			};
		};
/* End XCRemoteSwiftPackageReference section */

/* Begin XCSwiftPackageProductDependency section */
		AA33305F2993FFD4009F594F /* LNPopupUI */ = {
			isa = XCSwiftPackageProductDependency;
			package = AA33305E2993FFD4009F594F /* XCRemoteSwiftPackageReference "LNPopupUI" */;
			productName = LNPopupUI;
		};
/* End XCSwiftPackageProductDependency section */
	};
	rootObject = AAE74C4F2984293A00E03B2D /* Project object */;
}
